
Microsoft Visual Studio Solution File, Format Version 12.00
# Visual Studio Version 16
VisualStudioVersion = 16.0.31424.327
MinimumVisualStudioVersion = 10.0.40219.1
Project("{FAE04EC0-301F-11D3-BF4B-00C04F79EFBC}") = "week2_day3", "week2_day3\week2_day3.csproj", "{A36F623D-1BC3-4807-A595-AED9138A46B9}"
EndProject
Project("{FAE04EC0-301F-11D3-BF4B-00C04F79EFBC}") = "week2_day3_es1", "week2_day3_es1\week2_day3_es1.csproj", "{150C955D-9171-4628-99A4-91301D2157A9}"
EndProject
Project("{FAE04EC0-301F-11D3-BF4B-00C04F79EFBC}") = "week2_day3_es2", "week2_day3_es2\week2_day3_es2.csproj", "{3C2BA48F-1E7F-47E8-9A1F-599816774AE1}"
EndProject
Global
	GlobalSection(SolutionConfigurationPlatforms) = preSolution
		Debug|Any CPU = Debug|Any CPU
		Release|Any CPU = Release|Any CPU
	EndGlobalSection
	GlobalSection(ProjectConfigurationPlatforms) = postSolution
		{A36F623D-1BC3-4807-A595-AED9138A46B9}.Debug|Any CPU.ActiveCfg = Debug|Any CPU
		{A36F623D-1BC3-4807-A595-AED9138A46B9}.Debug|Any CPU.Build.0 = Debug|Any CPU
		{A36F623D-1BC3-4807-A595-AED9138A46B9}.Release|Any CPU.ActiveCfg = Release|Any CPU
		{A36F623D-1BC3-4807-A595-AED9138A46B9}.Release|Any CPU.Build.0 = Release|Any CPU
		{150C955D-9171-4628-99A4-91301D2157A9}.Debug|Any CPU.ActiveCfg = Debug|Any CPU
		{150C955D-9171-4628-99A4-91301D2157A9}.Debug|Any CPU.Build.0 = Debug|Any CPU
		{150C955D-9171-4628-99A4-91301D2157A9}.Release|Any CPU.ActiveCfg = Release|Any CPU
		{150C955D-9171-4628-99A4-91301D2157A9}.Release|Any CPU.Build.0 = Release|Any CPU
		{3C2BA48F-1E7F-47E8-9A1F-599816774AE1}.Debug|Any CPU.ActiveCfg = Debug|Any CPU
		{3C2BA48F-1E7F-47E8-9A1F-599816774AE1}.Debug|Any CPU.Build.0 = Debug|Any CPU
		{3C2BA48F-1E7F-47E8-9A1F-599816774AE1}.Release|Any CPU.ActiveCfg = Release|Any CPU
		{3C2BA48F-1E7F-47E8-9A1F-599816774AE1}.Release|Any CPU.Build.0 = Release|Any CPU
	EndGlobalSection
	GlobalSection(SolutionProperties) = preSolution
		HideSolutionNode = FALSE
	EndGlobalSection
	GlobalSection(ExtensibilityGlobals) = postSolution
		SolutionGuid = {6DDA40BD-AE93-42EA-9E1E-D0A1A9DB12EB}
	EndGlobalSection
EndGlobal
